// !$*UTF8*$!
{
	archiveVersion = 1;
	classes = {
	};
	objectVersion = 50;
	objects = {

/* Begin PBXBuildFile section */
		B5AC2499221E28E100DE3DD2 /* AppDelegate.swift in Sources */ = {isa = PBXBuildFile; fileRef = B5AC2498221E28E100DE3DD2 /* AppDelegate.swift */; };
		B5AC249B221E28E100DE3DD2 /* ScheduleController.swift in Sources */ = {isa = PBXBuildFile; fileRef = B5AC249A221E28E100DE3DD2 /* ScheduleController.swift */; };
		B5AC24A1221E28E100DE3DD2 /* baseball__tracker.xcdatamodeld in Sources */ = {isa = PBXBuildFile; fileRef = B5AC249F221E28E100DE3DD2 /* baseball__tracker.xcdatamodeld */; };
		B5AC24A3221E28E200DE3DD2 /* Assets.xcassets in Resources */ = {isa = PBXBuildFile; fileRef = B5AC24A2221E28E200DE3DD2 /* Assets.xcassets */; };
		B5AC24A6221E28E200DE3DD2 /* LaunchScreen.storyboard in Resources */ = {isa = PBXBuildFile; fileRef = B5AC24A4221E28E200DE3DD2 /* LaunchScreen.storyboard */; };
		B5AC24B1221E28E300DE3DD2 /* baseball__trackerTests.swift in Sources */ = {isa = PBXBuildFile; fileRef = B5AC24B0221E28E300DE3DD2 /* baseball__trackerTests.swift */; };
		B5AC24BC221E28E300DE3DD2 /* baseball__trackerUITests.swift in Sources */ = {isa = PBXBuildFile; fileRef = B5AC24BB221E28E300DE3DD2 /* baseball__trackerUITests.swift */; };
		B5AC24CB221E2F4400DE3DD2 /* Coordinator.swift in Sources */ = {isa = PBXBuildFile; fileRef = B5AC24CA221E2F4400DE3DD2 /* Coordinator.swift */; };
		B5AC24CD221E2F9B00DE3DD2 /* ControllerType.swift in Sources */ = {isa = PBXBuildFile; fileRef = B5AC24CC221E2F9B00DE3DD2 /* ControllerType.swift */; };
		B5AC24D0221E2FF400DE3DD2 /* MainCoordinator.swift in Sources */ = {isa = PBXBuildFile; fileRef = B5AC24CF221E2FF400DE3DD2 /* MainCoordinator.swift */; };
		B5FCE5C8221E675D001FFC66 /* ScheduleItemModel.swift in Sources */ = {isa = PBXBuildFile; fileRef = B5FCE5C7221E675D001FFC66 /* ScheduleItemModel.swift */; };
		B5FCE5D7221E67DA001FFC66 /* ParameterEncoding.swift in Sources */ = {isa = PBXBuildFile; fileRef = B5FCE5CB221E67DA001FFC66 /* ParameterEncoding.swift */; };
		B5FCE5D8221E67DA001FFC66 /* NetworkManager.swift in Sources */ = {isa = PBXBuildFile; fileRef = B5FCE5CD221E67DA001FFC66 /* NetworkManager.swift */; };
		B5FCE5DA221E67DA001FFC66 /* ParameterEncoder.swift in Sources */ = {isa = PBXBuildFile; fileRef = B5FCE5D1221E67DA001FFC66 /* ParameterEncoder.swift */; };
		B5FCE5DB221E67DB001FFC66 /* NetworkRouter.swift in Sources */ = {isa = PBXBuildFile; fileRef = B5FCE5D2221E67DA001FFC66 /* NetworkRouter.swift */; };
		B5FCE5DC221E67DB001FFC66 /* HttpTask.swift in Sources */ = {isa = PBXBuildFile; fileRef = B5FCE5D3221E67DA001FFC66 /* HttpTask.swift */; };
		B5FCE5DD221E67DB001FFC66 /* HttpMethod.swift in Sources */ = {isa = PBXBuildFile; fileRef = B5FCE5D4221E67DA001FFC66 /* HttpMethod.swift */; };
		B5FCE5DE221E67DB001FFC66 /* Router.swift in Sources */ = {isa = PBXBuildFile; fileRef = B5FCE5D5221E67DA001FFC66 /* Router.swift */; };
		B5FCE5DF221E67DB001FFC66 /* EndPointType.swift in Sources */ = {isa = PBXBuildFile; fileRef = B5FCE5D6221E67DA001FFC66 /* EndPointType.swift */; };
		B5FCE5E1221E6892001FFC66 /* ScheduleNetworkManager.swift in Sources */ = {isa = PBXBuildFile; fileRef = B5FCE5E0221E6892001FFC66 /* ScheduleNetworkManager.swift */; };
		B5FCE5E4221E68CB001FFC66 /* ScheduleEndPoint.swift in Sources */ = {isa = PBXBuildFile; fileRef = B5FCE5E3221E68CB001FFC66 /* ScheduleEndPoint.swift */; };
		B5FCE5E6221E70C4001FFC66 /* ScheduleCell.swift in Sources */ = {isa = PBXBuildFile; fileRef = B5FCE5E5221E70C4001FFC66 /* ScheduleCell.swift */; };
		B5FCE5E8221E7CD4001FFC66 /* Resuable.swift in Sources */ = {isa = PBXBuildFile; fileRef = B5FCE5E7221E7CD4001FFC66 /* Resuable.swift */; };
		B5FCE5EB221E7D1C001FFC66 /* UITableViewCell+Extensions.swift in Sources */ = {isa = PBXBuildFile; fileRef = B5FCE5EA221E7D1C001FFC66 /* UITableViewCell+Extensions.swift */; };
		B5FCE5ED221E7E5A001FFC66 /* UITableView+Extensions.swift in Sources */ = {isa = PBXBuildFile; fileRef = B5FCE5EC221E7E5A001FFC66 /* UITableView+Extensions.swift */; };
		B5FCE5F0221F0B6B001FFC66 /* LineupController.swift in Sources */ = {isa = PBXBuildFile; fileRef = B5FCE5EF221F0B6B001FFC66 /* LineupController.swift */; };
		B5FCE5F2221F0CB4001FFC66 /* RosterEndPoint.swift in Sources */ = {isa = PBXBuildFile; fileRef = B5FCE5F1221F0CB4001FFC66 /* RosterEndPoint.swift */; };
		B5FCE5F4221F0DD2001FFC66 /* LineUpNetworkManager.swift in Sources */ = {isa = PBXBuildFile; fileRef = B5FCE5F3221F0DD2001FFC66 /* LineUpNetworkManager.swift */; };
		B5FCE5F6221F0FEB001FFC66 /* PlayerModel.swift in Sources */ = {isa = PBXBuildFile; fileRef = B5FCE5F5221F0FEB001FFC66 /* PlayerModel.swift */; };
		B5FCE5FA22205B1C001FFC66 /* PlayerCell.swift in Sources */ = {isa = PBXBuildFile; fileRef = B5FCE5F922205B1C001FFC66 /* PlayerCell.swift */; };
		B5FCE5FC222066CB001FFC66 /* LineUpView.swift in Sources */ = {isa = PBXBuildFile; fileRef = B5FCE5FB222066CB001FFC66 /* LineUpView.swift */; };
		B5FCE5FE222068DD001FFC66 /* UIView+Extensions.swift in Sources */ = {isa = PBXBuildFile; fileRef = B5FCE5FD222068DD001FFC66 /* UIView+Extensions.swift */; };
		B5FCE6072220A1FC001FFC66 /* TeamsController.swift in Sources */ = {isa = PBXBuildFile; fileRef = B5FCE6062220A1FC001FFC66 /* TeamsController.swift */; };
		B5FCE60A2220AA14001FFC66 /* Team.swift in Sources */ = {isa = PBXBuildFile; fileRef = B5FCE6092220AA14001FFC66 /* Team.swift */; };
		B5FCE60C2220ACC6001FFC66 /* TeamStack.swift in Sources */ = {isa = PBXBuildFile; fileRef = B5FCE60B2220ACC6001FFC66 /* TeamStack.swift */; };
		B5FCE60E2220B139001FFC66 /* Managed.swift in Sources */ = {isa = PBXBuildFile; fileRef = B5FCE60D2220B139001FFC66 /* Managed.swift */; };
		B5FCE6102220BEC5001FFC66 /* NSManagedObjectContext+Extensions.swift in Sources */ = {isa = PBXBuildFile; fileRef = B5FCE60F2220BEC5001FFC66 /* NSManagedObjectContext+Extensions.swift */; };
		B5FCE6142220D23D001FFC66 /* UserConfig.swift in Sources */ = {isa = PBXBuildFile; fileRef = B5FCE6132220D23D001FFC66 /* UserConfig.swift */; };
		B5FCE6172220D3DD001FFC66 /* OnBoardingController.swift in Sources */ = {isa = PBXBuildFile; fileRef = B5FCE6162220D3DD001FFC66 /* OnBoardingController.swift */; };
		B5FCE61A2220DA09001FFC66 /* RotationController.swift in Sources */ = {isa = PBXBuildFile; fileRef = B5FCE6192220DA09001FFC66 /* RotationController.swift */; };
		B5FCEEE122226473001FFC66 /* TeamsView.swift in Sources */ = {isa = PBXBuildFile; fileRef = B5FCEEE022226473001FFC66 /* TeamsView.swift */; };
		B5FCEEE3222269E0001FFC66 /* UIColor+Extensions.swift in Sources */ = {isa = PBXBuildFile; fileRef = B5FCEEE2222269E0001FFC66 /* UIColor+Extensions.swift */; };
		B5FCEEE522226A55001FFC66 /* TeamCell.swift in Sources */ = {isa = PBXBuildFile; fileRef = B5FCEEE422226A55001FFC66 /* TeamCell.swift */; };
		B5FCEEE722226F46001FFC66 /* TeamsEndPoint.swift in Sources */ = {isa = PBXBuildFile; fileRef = B5FCEEE622226F46001FFC66 /* TeamsEndPoint.swift */; };
		B5FCEEEB22236D41001FFC66 /* CodingInfoKey+Extensions.swift in Sources */ = {isa = PBXBuildFile; fileRef = B5FCEEEA22236D41001FFC66 /* CodingInfoKey+Extensions.swift */; };
		B5FCEEED222372A2001FFC66 /* TeamsNetworkManager.swift in Sources */ = {isa = PBXBuildFile; fileRef = B5FCEEEC222372A2001FFC66 /* TeamsNetworkManager.swift */; };
/* End PBXBuildFile section */

/* Begin PBXContainerItemProxy section */
		B5AC24AD221E28E300DE3DD2 /* PBXContainerItemProxy */ = {
			isa = PBXContainerItemProxy;
			containerPortal = B5AC248D221E28E100DE3DD2 /* Project object */;
			proxyType = 1;
			remoteGlobalIDString = B5AC2494221E28E100DE3DD2;
			remoteInfo = "baseball- tracker";
		};
		B5AC24B8221E28E300DE3DD2 /* PBXContainerItemProxy */ = {
			isa = PBXContainerItemProxy;
			containerPortal = B5AC248D221E28E100DE3DD2 /* Project object */;
			proxyType = 1;
			remoteGlobalIDString = B5AC2494221E28E100DE3DD2;
			remoteInfo = "baseball- tracker";
		};
/* End PBXContainerItemProxy section */

/* Begin PBXFileReference section */
		B5AC2495221E28E100DE3DD2 /* baseball- tracker.app */ = {isa = PBXFileReference; explicitFileType = wrapper.application; includeInIndex = 0; path = "baseball- tracker.app"; sourceTree = BUILT_PRODUCTS_DIR; };
		B5AC2498221E28E100DE3DD2 /* AppDelegate.swift */ = {isa = PBXFileReference; lastKnownFileType = sourcecode.swift; path = AppDelegate.swift; sourceTree = "<group>"; };
		B5AC249A221E28E100DE3DD2 /* ScheduleController.swift */ = {isa = PBXFileReference; lastKnownFileType = sourcecode.swift; path = ScheduleController.swift; sourceTree = "<group>"; };
		B5AC24A0221E28E100DE3DD2 /* baseball__tracker.xcdatamodel */ = {isa = PBXFileReference; lastKnownFileType = wrapper.xcdatamodel; path = baseball__tracker.xcdatamodel; sourceTree = "<group>"; };
		B5AC24A2221E28E200DE3DD2 /* Assets.xcassets */ = {isa = PBXFileReference; lastKnownFileType = folder.assetcatalog; path = Assets.xcassets; sourceTree = "<group>"; };
		B5AC24A5221E28E200DE3DD2 /* Base */ = {isa = PBXFileReference; lastKnownFileType = file.storyboard; name = Base; path = Base.lproj/LaunchScreen.storyboard; sourceTree = "<group>"; };
		B5AC24A7221E28E200DE3DD2 /* Info.plist */ = {isa = PBXFileReference; lastKnownFileType = text.plist.xml; path = Info.plist; sourceTree = "<group>"; };
		B5AC24AC221E28E300DE3DD2 /* baseball- trackerTests.xctest */ = {isa = PBXFileReference; explicitFileType = wrapper.cfbundle; includeInIndex = 0; path = "baseball- trackerTests.xctest"; sourceTree = BUILT_PRODUCTS_DIR; };
		B5AC24B0221E28E300DE3DD2 /* baseball__trackerTests.swift */ = {isa = PBXFileReference; lastKnownFileType = sourcecode.swift; path = baseball__trackerTests.swift; sourceTree = "<group>"; };
		B5AC24B2221E28E300DE3DD2 /* Info.plist */ = {isa = PBXFileReference; lastKnownFileType = text.plist.xml; path = Info.plist; sourceTree = "<group>"; };
		B5AC24B7221E28E300DE3DD2 /* baseball- trackerUITests.xctest */ = {isa = PBXFileReference; explicitFileType = wrapper.cfbundle; includeInIndex = 0; path = "baseball- trackerUITests.xctest"; sourceTree = BUILT_PRODUCTS_DIR; };
		B5AC24BB221E28E300DE3DD2 /* baseball__trackerUITests.swift */ = {isa = PBXFileReference; lastKnownFileType = sourcecode.swift; path = baseball__trackerUITests.swift; sourceTree = "<group>"; };
		B5AC24BD221E28E300DE3DD2 /* Info.plist */ = {isa = PBXFileReference; lastKnownFileType = text.plist.xml; path = Info.plist; sourceTree = "<group>"; };
		B5AC24CA221E2F4400DE3DD2 /* Coordinator.swift */ = {isa = PBXFileReference; lastKnownFileType = sourcecode.swift; path = Coordinator.swift; sourceTree = "<group>"; };
		B5AC24CC221E2F9B00DE3DD2 /* ControllerType.swift */ = {isa = PBXFileReference; lastKnownFileType = sourcecode.swift; path = ControllerType.swift; sourceTree = "<group>"; };
		B5AC24CF221E2FF400DE3DD2 /* MainCoordinator.swift */ = {isa = PBXFileReference; lastKnownFileType = sourcecode.swift; path = MainCoordinator.swift; sourceTree = "<group>"; };
		B5FCE5C7221E675D001FFC66 /* ScheduleItemModel.swift */ = {isa = PBXFileReference; lastKnownFileType = sourcecode.swift; path = ScheduleItemModel.swift; sourceTree = "<group>"; };
		B5FCE5CB221E67DA001FFC66 /* ParameterEncoding.swift */ = {isa = PBXFileReference; fileEncoding = 4; lastKnownFileType = sourcecode.swift; path = ParameterEncoding.swift; sourceTree = "<group>"; };
		B5FCE5CD221E67DA001FFC66 /* NetworkManager.swift */ = {isa = PBXFileReference; fileEncoding = 4; lastKnownFileType = sourcecode.swift; path = NetworkManager.swift; sourceTree = "<group>"; };
		B5FCE5D1221E67DA001FFC66 /* ParameterEncoder.swift */ = {isa = PBXFileReference; fileEncoding = 4; lastKnownFileType = sourcecode.swift; path = ParameterEncoder.swift; sourceTree = "<group>"; };
		B5FCE5D2221E67DA001FFC66 /* NetworkRouter.swift */ = {isa = PBXFileReference; fileEncoding = 4; lastKnownFileType = sourcecode.swift; path = NetworkRouter.swift; sourceTree = "<group>"; };
		B5FCE5D3221E67DA001FFC66 /* HttpTask.swift */ = {isa = PBXFileReference; fileEncoding = 4; lastKnownFileType = sourcecode.swift; path = HttpTask.swift; sourceTree = "<group>"; };
		B5FCE5D4221E67DA001FFC66 /* HttpMethod.swift */ = {isa = PBXFileReference; fileEncoding = 4; lastKnownFileType = sourcecode.swift; path = HttpMethod.swift; sourceTree = "<group>"; };
		B5FCE5D5221E67DA001FFC66 /* Router.swift */ = {isa = PBXFileReference; fileEncoding = 4; lastKnownFileType = sourcecode.swift; path = Router.swift; sourceTree = "<group>"; };
		B5FCE5D6221E67DA001FFC66 /* EndPointType.swift */ = {isa = PBXFileReference; fileEncoding = 4; lastKnownFileType = sourcecode.swift; path = EndPointType.swift; sourceTree = "<group>"; };
		B5FCE5E0221E6892001FFC66 /* ScheduleNetworkManager.swift */ = {isa = PBXFileReference; lastKnownFileType = sourcecode.swift; path = ScheduleNetworkManager.swift; sourceTree = "<group>"; };
		B5FCE5E3221E68CB001FFC66 /* ScheduleEndPoint.swift */ = {isa = PBXFileReference; lastKnownFileType = sourcecode.swift; path = ScheduleEndPoint.swift; sourceTree = "<group>"; };
		B5FCE5E5221E70C4001FFC66 /* ScheduleCell.swift */ = {isa = PBXFileReference; lastKnownFileType = sourcecode.swift; path = ScheduleCell.swift; sourceTree = "<group>"; };
		B5FCE5E7221E7CD4001FFC66 /* Resuable.swift */ = {isa = PBXFileReference; lastKnownFileType = sourcecode.swift; path = Resuable.swift; sourceTree = "<group>"; };
		B5FCE5EA221E7D1C001FFC66 /* UITableViewCell+Extensions.swift */ = {isa = PBXFileReference; lastKnownFileType = sourcecode.swift; path = "UITableViewCell+Extensions.swift"; sourceTree = "<group>"; };
		B5FCE5EC221E7E5A001FFC66 /* UITableView+Extensions.swift */ = {isa = PBXFileReference; lastKnownFileType = sourcecode.swift; path = "UITableView+Extensions.swift"; sourceTree = "<group>"; };
		B5FCE5EF221F0B6B001FFC66 /* LineupController.swift */ = {isa = PBXFileReference; lastKnownFileType = sourcecode.swift; path = LineupController.swift; sourceTree = "<group>"; };
		B5FCE5F1221F0CB4001FFC66 /* RosterEndPoint.swift */ = {isa = PBXFileReference; lastKnownFileType = sourcecode.swift; path = RosterEndPoint.swift; sourceTree = "<group>"; };
		B5FCE5F3221F0DD2001FFC66 /* LineUpNetworkManager.swift */ = {isa = PBXFileReference; lastKnownFileType = sourcecode.swift; path = LineUpNetworkManager.swift; sourceTree = "<group>"; };
		B5FCE5F5221F0FEB001FFC66 /* PlayerModel.swift */ = {isa = PBXFileReference; lastKnownFileType = sourcecode.swift; path = PlayerModel.swift; sourceTree = "<group>"; };
		B5FCE5F922205B1C001FFC66 /* PlayerCell.swift */ = {isa = PBXFileReference; lastKnownFileType = sourcecode.swift; path = PlayerCell.swift; sourceTree = "<group>"; };
		B5FCE5FB222066CB001FFC66 /* LineUpView.swift */ = {isa = PBXFileReference; lastKnownFileType = sourcecode.swift; path = LineUpView.swift; sourceTree = "<group>"; };
		B5FCE5FD222068DD001FFC66 /* UIView+Extensions.swift */ = {isa = PBXFileReference; lastKnownFileType = sourcecode.swift; path = "UIView+Extensions.swift"; sourceTree = "<group>"; };
		B5FCE6062220A1FC001FFC66 /* TeamsController.swift */ = {isa = PBXFileReference; lastKnownFileType = sourcecode.swift; path = TeamsController.swift; sourceTree = "<group>"; };
		B5FCE6092220AA14001FFC66 /* Team.swift */ = {isa = PBXFileReference; lastKnownFileType = sourcecode.swift; path = Team.swift; sourceTree = "<group>"; };
		B5FCE60B2220ACC6001FFC66 /* TeamStack.swift */ = {isa = PBXFileReference; lastKnownFileType = sourcecode.swift; path = TeamStack.swift; sourceTree = "<group>"; };
		B5FCE60D2220B139001FFC66 /* Managed.swift */ = {isa = PBXFileReference; lastKnownFileType = sourcecode.swift; path = Managed.swift; sourceTree = "<group>"; };
		B5FCE60F2220BEC5001FFC66 /* NSManagedObjectContext+Extensions.swift */ = {isa = PBXFileReference; lastKnownFileType = sourcecode.swift; path = "NSManagedObjectContext+Extensions.swift"; sourceTree = "<group>"; };
		B5FCE6132220D23D001FFC66 /* UserConfig.swift */ = {isa = PBXFileReference; lastKnownFileType = sourcecode.swift; path = UserConfig.swift; sourceTree = "<group>"; };
		B5FCE6162220D3DD001FFC66 /* OnBoardingController.swift */ = {isa = PBXFileReference; lastKnownFileType = sourcecode.swift; path = OnBoardingController.swift; sourceTree = "<group>"; };
		B5FCE6192220DA09001FFC66 /* RotationController.swift */ = {isa = PBXFileReference; lastKnownFileType = sourcecode.swift; path = RotationController.swift; sourceTree = "<group>"; };
		B5FCEEE022226473001FFC66 /* TeamsView.swift */ = {isa = PBXFileReference; lastKnownFileType = sourcecode.swift; path = TeamsView.swift; sourceTree = "<group>"; };
		B5FCEEE2222269E0001FFC66 /* UIColor+Extensions.swift */ = {isa = PBXFileReference; lastKnownFileType = sourcecode.swift; path = "UIColor+Extensions.swift"; sourceTree = "<group>"; };
		B5FCEEE422226A55001FFC66 /* TeamCell.swift */ = {isa = PBXFileReference; lastKnownFileType = sourcecode.swift; path = TeamCell.swift; sourceTree = "<group>"; };
		B5FCEEE622226F46001FFC66 /* TeamsEndPoint.swift */ = {isa = PBXFileReference; lastKnownFileType = sourcecode.swift; path = TeamsEndPoint.swift; sourceTree = "<group>"; };
		B5FCEEEA22236D41001FFC66 /* CodingInfoKey+Extensions.swift */ = {isa = PBXFileReference; lastKnownFileType = sourcecode.swift; path = "CodingInfoKey+Extensions.swift"; sourceTree = "<group>"; };
		B5FCEEEC222372A2001FFC66 /* TeamsNetworkManager.swift */ = {isa = PBXFileReference; lastKnownFileType = sourcecode.swift; path = TeamsNetworkManager.swift; sourceTree = "<group>"; };
/* End PBXFileReference section */

/* Begin PBXFrameworksBuildPhase section */
		B5AC2492221E28E100DE3DD2 /* Frameworks */ = {
			isa = PBXFrameworksBuildPhase;
			buildActionMask = 2147483647;
			files = (
			);
			runOnlyForDeploymentPostprocessing = 0;
		};
		B5AC24A9221E28E300DE3DD2 /* Frameworks */ = {
			isa = PBXFrameworksBuildPhase;
			buildActionMask = 2147483647;
			files = (
			);
			runOnlyForDeploymentPostprocessing = 0;
		};
		B5AC24B4221E28E300DE3DD2 /* Frameworks */ = {
			isa = PBXFrameworksBuildPhase;
			buildActionMask = 2147483647;
			files = (
			);
			runOnlyForDeploymentPostprocessing = 0;
		};
/* End PBXFrameworksBuildPhase section */

/* Begin PBXGroup section */
		B5AC248C221E28E100DE3DD2 = {
			isa = PBXGroup;
			children = (
				B5AC2497221E28E100DE3DD2 /* baseball- tracker */,
				B5AC24AF221E28E300DE3DD2 /* baseball- trackerTests */,
				B5AC24BA221E28E300DE3DD2 /* baseball- trackerUITests */,
				B5AC2496221E28E100DE3DD2 /* Products */,
			);
			sourceTree = "<group>";
		};
		B5AC2496221E28E100DE3DD2 /* Products */ = {
			isa = PBXGroup;
			children = (
				B5AC2495221E28E100DE3DD2 /* baseball- tracker.app */,
				B5AC24AC221E28E300DE3DD2 /* baseball- trackerTests.xctest */,
				B5AC24B7221E28E300DE3DD2 /* baseball- trackerUITests.xctest */,
			);
			name = Products;
			sourceTree = "<group>";
		};
		B5AC2497221E28E100DE3DD2 /* baseball- tracker */ = {
			isa = PBXGroup;
			children = (
				B5AC24CE221E2FE700DE3DD2 /* Coordinator */,
				B5FCE6152220D3C7001FFC66 /* On Boarding */,
				B5FCE6052220A1E1001FFC66 /* Teams */,
				B5FCE5EE221F0B2A001FFC66 /* Line Up */,
				B5FCE6182220D9F3001FFC66 /* Rotation */,
				B5AC24D1221E304600DE3DD2 /* Schedule */,
				B5FCE6082220AA03001FFC66 /* Team */,
				B5FCE6122220D22C001FFC66 /* Common Models */,
				B5AC24C9221E2F3100DE3DD2 /* Protocols */,
				B5FCE5E9221E7D00001FFC66 /* Extensions */,
				B5FCE5C9221E67DA001FFC66 /* Networking */,
				B5AC2498221E28E100DE3DD2 /* AppDelegate.swift */,
				B5AC24A2221E28E200DE3DD2 /* Assets.xcassets */,
				B5AC24A4221E28E200DE3DD2 /* LaunchScreen.storyboard */,
				B5AC24A7221E28E200DE3DD2 /* Info.plist */,
				B5AC249F221E28E100DE3DD2 /* baseball__tracker.xcdatamodeld */,
			);
			path = "baseball- tracker";
			sourceTree = "<group>";
		};
		B5AC24AF221E28E300DE3DD2 /* baseball- trackerTests */ = {
			isa = PBXGroup;
			children = (
				B5AC24B0221E28E300DE3DD2 /* baseball__trackerTests.swift */,
				B5AC24B2221E28E300DE3DD2 /* Info.plist */,
			);
			path = "baseball- trackerTests";
			sourceTree = "<group>";
		};
		B5AC24BA221E28E300DE3DD2 /* baseball- trackerUITests */ = {
			isa = PBXGroup;
			children = (
				B5AC24BB221E28E300DE3DD2 /* baseball__trackerUITests.swift */,
				B5AC24BD221E28E300DE3DD2 /* Info.plist */,
			);
			path = "baseball- trackerUITests";
			sourceTree = "<group>";
		};
		B5AC24C9221E2F3100DE3DD2 /* Protocols */ = {
			isa = PBXGroup;
			children = (
				B5AC24CA221E2F4400DE3DD2 /* Coordinator.swift */,
				B5AC24CC221E2F9B00DE3DD2 /* ControllerType.swift */,
				B5FCE5E7221E7CD4001FFC66 /* Resuable.swift */,
				B5FCE60D2220B139001FFC66 /* Managed.swift */,
			);
			path = Protocols;
			sourceTree = "<group>";
		};
		B5AC24CE221E2FE700DE3DD2 /* Coordinator */ = {
			isa = PBXGroup;
			children = (
				B5AC24CF221E2FF400DE3DD2 /* MainCoordinator.swift */,
			);
			path = Coordinator;
			sourceTree = "<group>";
		};
		B5AC24D1221E304600DE3DD2 /* Schedule */ = {
			isa = PBXGroup;
			children = (
				B5AC249A221E28E100DE3DD2 /* ScheduleController.swift */,
				B5FCE5C7221E675D001FFC66 /* ScheduleItemModel.swift */,
				B5FCE5E5221E70C4001FFC66 /* ScheduleCell.swift */,
			);
			path = Schedule;
			sourceTree = "<group>";
		};
		B5FCE5C9221E67DA001FFC66 /* Networking */ = {
			isa = PBXGroup;
			children = (
				B5FCE5E2221E68BE001FFC66 /* Endpoint */,
				B5FCE5CA221E67DA001FFC66 /* Encoding */,
				B5FCE5CC221E67DA001FFC66 /* Manager */,
				B5FCE5D0221E67DA001FFC66 /* Service */,
			);
			path = Networking;
			sourceTree = "<group>";
		};
		B5FCE5CA221E67DA001FFC66 /* Encoding */ = {
			isa = PBXGroup;
			children = (
				B5FCE5CB221E67DA001FFC66 /* ParameterEncoding.swift */,
			);
			path = Encoding;
			sourceTree = "<group>";
		};
		B5FCE5CC221E67DA001FFC66 /* Manager */ = {
			isa = PBXGroup;
			children = (
				B5FCE5CD221E67DA001FFC66 /* NetworkManager.swift */,
				B5FCE5E0221E6892001FFC66 /* ScheduleNetworkManager.swift */,
				B5FCE5F3221F0DD2001FFC66 /* LineUpNetworkManager.swift */,
				B5FCEEEC222372A2001FFC66 /* TeamsNetworkManager.swift */,
			);
			path = Manager;
			sourceTree = "<group>";
		};
		B5FCE5D0221E67DA001FFC66 /* Service */ = {
			isa = PBXGroup;
			children = (
				B5FCE5D1221E67DA001FFC66 /* ParameterEncoder.swift */,
				B5FCE5D2221E67DA001FFC66 /* NetworkRouter.swift */,
				B5FCE5D3221E67DA001FFC66 /* HttpTask.swift */,
				B5FCE5D4221E67DA001FFC66 /* HttpMethod.swift */,
				B5FCE5D5221E67DA001FFC66 /* Router.swift */,
				B5FCE5D6221E67DA001FFC66 /* EndPointType.swift */,
			);
			path = Service;
			sourceTree = "<group>";
		};
		B5FCE5E2221E68BE001FFC66 /* Endpoint */ = {
			isa = PBXGroup;
			children = (
				B5FCE5E3221E68CB001FFC66 /* ScheduleEndPoint.swift */,
				B5FCE5F1221F0CB4001FFC66 /* RosterEndPoint.swift */,
				B5FCEEE622226F46001FFC66 /* TeamsEndPoint.swift */,
			);
			path = Endpoint;
			sourceTree = "<group>";
		};
		B5FCE5E9221E7D00001FFC66 /* Extensions */ = {
			isa = PBXGroup;
			children = (
				B5FCE5EA221E7D1C001FFC66 /* UITableViewCell+Extensions.swift */,
				B5FCE5EC221E7E5A001FFC66 /* UITableView+Extensions.swift */,
				B5FCE5FD222068DD001FFC66 /* UIView+Extensions.swift */,
				B5FCE60F2220BEC5001FFC66 /* NSManagedObjectContext+Extensions.swift */,
				B5FCEEE2222269E0001FFC66 /* UIColor+Extensions.swift */,
				B5FCEEEA22236D41001FFC66 /* CodingInfoKey+Extensions.swift */,
			);
			path = Extensions;
			sourceTree = "<group>";
		};
		B5FCE5EE221F0B2A001FFC66 /* Line Up */ = {
			isa = PBXGroup;
			children = (
				B5FCE5EF221F0B6B001FFC66 /* LineupController.swift */,
				B5FCE5F5221F0FEB001FFC66 /* PlayerModel.swift */,
				B5FCE5F922205B1C001FFC66 /* PlayerCell.swift */,
				B5FCE5FB222066CB001FFC66 /* LineUpView.swift */,
			);
			path = "Line Up";
			sourceTree = "<group>";
		};
		B5FCE6052220A1E1001FFC66 /* Teams */ = {
			isa = PBXGroup;
			children = (
				B5FCE6062220A1FC001FFC66 /* TeamsController.swift */,
				B5FCEEE022226473001FFC66 /* TeamsView.swift */,
				B5FCEEE422226A55001FFC66 /* TeamCell.swift */,
			);
			path = Teams;
			sourceTree = "<group>";
		};
		B5FCE6082220AA03001FFC66 /* Team */ = {
			isa = PBXGroup;
			children = (
				B5FCE6092220AA14001FFC66 /* Team.swift */,
				B5FCE60B2220ACC6001FFC66 /* TeamStack.swift */,
			);
			path = Team;
			sourceTree = "<group>";
		};
		B5FCE6122220D22C001FFC66 /* Common Models */ = {
			isa = PBXGroup;
			children = (
				B5FCE6132220D23D001FFC66 /* UserConfig.swift */,
			);
			path = "Common Models";
			sourceTree = "<group>";
		};
		B5FCE6152220D3C7001FFC66 /* On Boarding */ = {
			isa = PBXGroup;
			children = (
				B5FCE6162220D3DD001FFC66 /* OnBoardingController.swift */,
			);
			path = "On Boarding";
			sourceTree = "<group>";
		};
		B5FCE6182220D9F3001FFC66 /* Rotation */ = {
			isa = PBXGroup;
			children = (
				B5FCE6192220DA09001FFC66 /* RotationController.swift */,
			);
			path = Rotation;
			sourceTree = "<group>";
		};
/* End PBXGroup section */

/* Begin PBXNativeTarget section */
		B5AC2494221E28E100DE3DD2 /* baseball- tracker */ = {
			isa = PBXNativeTarget;
			buildConfigurationList = B5AC24C0221E28E300DE3DD2 /* Build configuration list for PBXNativeTarget "baseball- tracker" */;
			buildPhases = (
				B5AC2491221E28E100DE3DD2 /* Sources */,
				B5AC2492221E28E100DE3DD2 /* Frameworks */,
				B5AC2493221E28E100DE3DD2 /* Resources */,
			);
			buildRules = (
			);
			dependencies = (
			);
			name = "baseball- tracker";
			productName = "baseball- tracker";
			productReference = B5AC2495221E28E100DE3DD2 /* baseball- tracker.app */;
			productType = "com.apple.product-type.application";
		};
		B5AC24AB221E28E300DE3DD2 /* baseball- trackerTests */ = {
			isa = PBXNativeTarget;
			buildConfigurationList = B5AC24C3221E28E300DE3DD2 /* Build configuration list for PBXNativeTarget "baseball- trackerTests" */;
			buildPhases = (
				B5AC24A8221E28E300DE3DD2 /* Sources */,
				B5AC24A9221E28E300DE3DD2 /* Frameworks */,
				B5AC24AA221E28E300DE3DD2 /* Resources */,
			);
			buildRules = (
			);
			dependencies = (
				B5AC24AE221E28E300DE3DD2 /* PBXTargetDependency */,
			);
			name = "baseball- trackerTests";
			productName = "baseball- trackerTests";
			productReference = B5AC24AC221E28E300DE3DD2 /* baseball- trackerTests.xctest */;
			productType = "com.apple.product-type.bundle.unit-test";
		};
		B5AC24B6221E28E300DE3DD2 /* baseball- trackerUITests */ = {
			isa = PBXNativeTarget;
			buildConfigurationList = B5AC24C6221E28E300DE3DD2 /* Build configuration list for PBXNativeTarget "baseball- trackerUITests" */;
			buildPhases = (
				B5AC24B3221E28E300DE3DD2 /* Sources */,
				B5AC24B4221E28E300DE3DD2 /* Frameworks */,
				B5AC24B5221E28E300DE3DD2 /* Resources */,
			);
			buildRules = (
			);
			dependencies = (
				B5AC24B9221E28E300DE3DD2 /* PBXTargetDependency */,
			);
			name = "baseball- trackerUITests";
			productName = "baseball- trackerUITests";
			productReference = B5AC24B7221E28E300DE3DD2 /* baseball- trackerUITests.xctest */;
			productType = "com.apple.product-type.bundle.ui-testing";
		};
/* End PBXNativeTarget section */

/* Begin PBXProject section */
		B5AC248D221E28E100DE3DD2 /* Project object */ = {
			isa = PBXProject;
			attributes = {
				LastSwiftUpdateCheck = 1010;
				LastUpgradeCheck = 1010;
				ORGANIZATIONNAME = "Ben Young";
				TargetAttributes = {
					B5AC2494221E28E100DE3DD2 = {
						CreatedOnToolsVersion = 10.1;
					};
					B5AC24AB221E28E300DE3DD2 = {
						CreatedOnToolsVersion = 10.1;
						TestTargetID = B5AC2494221E28E100DE3DD2;
					};
					B5AC24B6221E28E300DE3DD2 = {
						CreatedOnToolsVersion = 10.1;
						TestTargetID = B5AC2494221E28E100DE3DD2;
					};
				};
			};
			buildConfigurationList = B5AC2490221E28E100DE3DD2 /* Build configuration list for PBXProject "baseball- tracker" */;
			compatibilityVersion = "Xcode 9.3";
			developmentRegion = en;
			hasScannedForEncodings = 0;
			knownRegions = (
				en,
				Base,
			);
			mainGroup = B5AC248C221E28E100DE3DD2;
			productRefGroup = B5AC2496221E28E100DE3DD2 /* Products */;
			projectDirPath = "";
			projectRoot = "";
			targets = (
				B5AC2494221E28E100DE3DD2 /* baseball- tracker */,
				B5AC24AB221E28E300DE3DD2 /* baseball- trackerTests */,
				B5AC24B6221E28E300DE3DD2 /* baseball- trackerUITests */,
			);
		};
/* End PBXProject section */

/* Begin PBXResourcesBuildPhase section */
		B5AC2493221E28E100DE3DD2 /* Resources */ = {
			isa = PBXResourcesBuildPhase;
			buildActionMask = 2147483647;
			files = (
				B5AC24A6221E28E200DE3DD2 /* LaunchScreen.storyboard in Resources */,
				B5AC24A3221E28E200DE3DD2 /* Assets.xcassets in Resources */,
			);
			runOnlyForDeploymentPostprocessing = 0;
		};
		B5AC24AA221E28E300DE3DD2 /* Resources */ = {
			isa = PBXResourcesBuildPhase;
			buildActionMask = 2147483647;
			files = (
			);
			runOnlyForDeploymentPostprocessing = 0;
		};
		B5AC24B5221E28E300DE3DD2 /* Resources */ = {
			isa = PBXResourcesBuildPhase;
			buildActionMask = 2147483647;
			files = (
			);
			runOnlyForDeploymentPostprocessing = 0;
		};
/* End PBXResourcesBuildPhase section */

/* Begin PBXSourcesBuildPhase section */
		B5AC2491221E28E100DE3DD2 /* Sources */ = {
			isa = PBXSourcesBuildPhase;
			buildActionMask = 2147483647;
			files = (
				B5FCE5DF221E67DB001FFC66 /* EndPointType.swift in Sources */,
				B5FCE5D8221E67DA001FFC66 /* NetworkManager.swift in Sources */,
				B5FCE5C8221E675D001FFC66 /* ScheduleItemModel.swift in Sources */,
				B5FCE6172220D3DD001FFC66 /* OnBoardingController.swift in Sources */,
				B5FCE5FC222066CB001FFC66 /* LineUpView.swift in Sources */,
				B5AC24CB221E2F4400DE3DD2 /* Coordinator.swift in Sources */,
				B5FCE5F2221F0CB4001FFC66 /* RosterEndPoint.swift in Sources */,
				B5FCE5E6221E70C4001FFC66 /* ScheduleCell.swift in Sources */,
				B5FCE5D7221E67DA001FFC66 /* ParameterEncoding.swift in Sources */,
				B5FCE6102220BEC5001FFC66 /* NSManagedObjectContext+Extensions.swift in Sources */,
				B5AC24D0221E2FF400DE3DD2 /* MainCoordinator.swift in Sources */,
				B5FCEEED222372A2001FFC66 /* TeamsNetworkManager.swift in Sources */,
				B5FCE5DB221E67DB001FFC66 /* NetworkRouter.swift in Sources */,
				B5FCE5F4221F0DD2001FFC66 /* LineUpNetworkManager.swift in Sources */,
				B5FCE5F6221F0FEB001FFC66 /* PlayerModel.swift in Sources */,
				B5FCE6072220A1FC001FFC66 /* TeamsController.swift in Sources */,
				B5FCE5F0221F0B6B001FFC66 /* LineupController.swift in Sources */,
				B5FCE5FA22205B1C001FFC66 /* PlayerCell.swift in Sources */,
				B5FCE5FE222068DD001FFC66 /* UIView+Extensions.swift in Sources */,
				B5AC249B221E28E100DE3DD2 /* ScheduleController.swift in Sources */,
				B5FCE5DE221E67DB001FFC66 /* Router.swift in Sources */,
				B5FCE60A2220AA14001FFC66 /* Team.swift in Sources */,
				B5FCE5E1221E6892001FFC66 /* ScheduleNetworkManager.swift in Sources */,
				B5FCEEEB22236D41001FFC66 /* CodingInfoKey+Extensions.swift in Sources */,
				B5FCE5DC221E67DB001FFC66 /* HttpTask.swift in Sources */,
				B5FCE60E2220B139001FFC66 /* Managed.swift in Sources */,
				B5FCE5E4221E68CB001FFC66 /* ScheduleEndPoint.swift in Sources */,
				B5FCEEE722226F46001FFC66 /* TeamsEndPoint.swift in Sources */,
				B5FCE60C2220ACC6001FFC66 /* TeamStack.swift in Sources */,
				B5FCE5DA221E67DA001FFC66 /* ParameterEncoder.swift in Sources */,
				B5FCE5E8221E7CD4001FFC66 /* Resuable.swift in Sources */,
				B5FCE5ED221E7E5A001FFC66 /* UITableView+Extensions.swift in Sources */,
				B5FCEEE3222269E0001FFC66 /* UIColor+Extensions.swift in Sources */,
				B5FCE6142220D23D001FFC66 /* UserConfig.swift in Sources */,
				B5AC24CD221E2F9B00DE3DD2 /* ControllerType.swift in Sources */,
				B5FCEEE522226A55001FFC66 /* TeamCell.swift in Sources */,
				B5FCEEE122226473001FFC66 /* TeamsView.swift in Sources */,
				B5FCE61A2220DA09001FFC66 /* RotationController.swift in Sources */,
				B5FCE5DD221E67DB001FFC66 /* HttpMethod.swift in Sources */,
				B5AC24A1221E28E100DE3DD2 /* baseball__tracker.xcdatamodeld in Sources */,
				B5FCE5EB221E7D1C001FFC66 /* UITableViewCell+Extensions.swift in Sources */,
				B5AC2499221E28E100DE3DD2 /* AppDelegate.swift in Sources */,
			);
			runOnlyForDeploymentPostprocessing = 0;
		};
		B5AC24A8221E28E300DE3DD2 /* Sources */ = {
			isa = PBXSourcesBuildPhase;
			buildActionMask = 2147483647;
			files = (
				B5AC24B1221E28E300DE3DD2 /* baseball__trackerTests.swift in Sources */,
			);
			runOnlyForDeploymentPostprocessing = 0;
		};
		B5AC24B3221E28E300DE3DD2 /* Sources */ = {
			isa = PBXSourcesBuildPhase;
			buildActionMask = 2147483647;
			files = (
				B5AC24BC221E28E300DE3DD2 /* baseball__trackerUITests.swift in Sources */,
			);
			runOnlyForDeploymentPostprocessing = 0;
		};
/* End PBXSourcesBuildPhase section */

/* Begin PBXTargetDependency section */
		B5AC24AE221E28E300DE3DD2 /* PBXTargetDependency */ = {
			isa = PBXTargetDependency;
			target = B5AC2494221E28E100DE3DD2 /* baseball- tracker */;
			targetProxy = B5AC24AD221E28E300DE3DD2 /* PBXContainerItemProxy */;
		};
		B5AC24B9221E28E300DE3DD2 /* PBXTargetDependency */ = {
			isa = PBXTargetDependency;
			target = B5AC2494221E28E100DE3DD2 /* baseball- tracker */;
			targetProxy = B5AC24B8221E28E300DE3DD2 /* PBXContainerItemProxy */;
		};
/* End PBXTargetDependency section */

/* Begin PBXVariantGroup section */
		B5AC24A4221E28E200DE3DD2 /* LaunchScreen.storyboard */ = {
			isa = PBXVariantGroup;
			children = (
				B5AC24A5221E28E200DE3DD2 /* Base */,
			);
			name = LaunchScreen.storyboard;
			sourceTree = "<group>";
		};
/* End PBXVariantGroup section */

/* Begin XCBuildConfiguration section */
		B5AC24BE221E28E300DE3DD2 /* Debug */ = {
			isa = XCBuildConfiguration;
			buildSettings = {
				ALWAYS_SEARCH_USER_PATHS = NO;
				CLANG_ANALYZER_NONNULL = YES;
				CLANG_ANALYZER_NUMBER_OBJECT_CONVERSION = YES_AGGRESSIVE;
				CLANG_CXX_LANGUAGE_STANDARD = "gnu++14";
				CLANG_CXX_LIBRARY = "libc++";
				CLANG_ENABLE_MODULES = YES;
				CLANG_ENABLE_OBJC_ARC = YES;
				CLANG_ENABLE_OBJC_WEAK = YES;
				CLANG_WARN_BLOCK_CAPTURE_AUTORELEASING = YES;
				CLANG_WARN_BOOL_CONVERSION = YES;
				CLANG_WARN_COMMA = YES;
				CLANG_WARN_CONSTANT_CONVERSION = YES;
				CLANG_WARN_DEPRECATED_OBJC_IMPLEMENTATIONS = YES;
				CLANG_WARN_DIRECT_OBJC_ISA_USAGE = YES_ERROR;
				CLANG_WARN_DOCUMENTATION_COMMENTS = YES;
				CLANG_WARN_EMPTY_BODY = YES;
				CLANG_WARN_ENUM_CONVERSION = YES;
				CLANG_WARN_INFINITE_RECURSION = YES;
				CLANG_WARN_INT_CONVERSION = YES;
				CLANG_WARN_NON_LITERAL_NULL_CONVERSION = YES;
				CLANG_WARN_OBJC_IMPLICIT_RETAIN_SELF = YES;
				CLANG_WARN_OBJC_LITERAL_CONVERSION = YES;
				CLANG_WARN_OBJC_ROOT_CLASS = YES_ERROR;
				CLANG_WARN_RANGE_LOOP_ANALYSIS = YES;
				CLANG_WARN_STRICT_PROTOTYPES = YES;
				CLANG_WARN_SUSPICIOUS_MOVE = YES;
				CLANG_WARN_UNGUARDED_AVAILABILITY = YES_AGGRESSIVE;
				CLANG_WARN_UNREACHABLE_CODE = YES;
				CLANG_WARN__DUPLICATE_METHOD_MATCH = YES;
				CODE_SIGN_IDENTITY = "iPhone Developer";
				COPY_PHASE_STRIP = NO;
				DEBUG_INFORMATION_FORMAT = dwarf;
				ENABLE_STRICT_OBJC_MSGSEND = YES;
				ENABLE_TESTABILITY = YES;
				GCC_C_LANGUAGE_STANDARD = gnu11;
				GCC_DYNAMIC_NO_PIC = NO;
				GCC_NO_COMMON_BLOCKS = YES;
				GCC_OPTIMIZATION_LEVEL = 0;
				GCC_PREPROCESSOR_DEFINITIONS = (
					"DEBUG=1",
					"$(inherited)",
				);
				GCC_WARN_64_TO_32_BIT_CONVERSION = YES;
				GCC_WARN_ABOUT_RETURN_TYPE = YES_ERROR;
				GCC_WARN_UNDECLARED_SELECTOR = YES;
				GCC_WARN_UNINITIALIZED_AUTOS = YES_AGGRESSIVE;
				GCC_WARN_UNUSED_FUNCTION = YES;
				GCC_WARN_UNUSED_VARIABLE = YES;
				IPHONEOS_DEPLOYMENT_TARGET = 12.1;
				MTL_ENABLE_DEBUG_INFO = INCLUDE_SOURCE;
				MTL_FAST_MATH = YES;
				ONLY_ACTIVE_ARCH = YES;
				SDKROOT = iphoneos;
				SWIFT_ACTIVE_COMPILATION_CONDITIONS = DEBUG;
				SWIFT_OPTIMIZATION_LEVEL = "-Onone";
			};
			name = Debug;
		};
		B5AC24BF221E28E300DE3DD2 /* Release */ = {
			isa = XCBuildConfiguration;
			buildSettings = {
				ALWAYS_SEARCH_USER_PATHS = NO;
				CLANG_ANALYZER_NONNULL = YES;
				CLANG_ANALYZER_NUMBER_OBJECT_CONVERSION = YES_AGGRESSIVE;
				CLANG_CXX_LANGUAGE_STANDARD = "gnu++14";
				CLANG_CXX_LIBRARY = "libc++";
				CLANG_ENABLE_MODULES = YES;
				CLANG_ENABLE_OBJC_ARC = YES;
				CLANG_ENABLE_OBJC_WEAK = YES;
				CLANG_WARN_BLOCK_CAPTURE_AUTORELEASING = YES;
				CLANG_WARN_BOOL_CONVERSION = YES;
				CLANG_WARN_COMMA = YES;
				CLANG_WARN_CONSTANT_CONVERSION = YES;
				CLANG_WARN_DEPRECATED_OBJC_IMPLEMENTATIONS = YES;
				CLANG_WARN_DIRECT_OBJC_ISA_USAGE = YES_ERROR;
				CLANG_WARN_DOCUMENTATION_COMMENTS = YES;
				CLANG_WARN_EMPTY_BODY = YES;
				CLANG_WARN_ENUM_CONVERSION = YES;
				CLANG_WARN_INFINITE_RECURSION = YES;
				CLANG_WARN_INT_CONVERSION = YES;
				CLANG_WARN_NON_LITERAL_NULL_CONVERSION = YES;
				CLANG_WARN_OBJC_IMPLICIT_RETAIN_SELF = YES;
				CLANG_WARN_OBJC_LITERAL_CONVERSION = YES;
				CLANG_WARN_OBJC_ROOT_CLASS = YES_ERROR;
				CLANG_WARN_RANGE_LOOP_ANALYSIS = YES;
				CLANG_WARN_STRICT_PROTOTYPES = YES;
				CLANG_WARN_SUSPICIOUS_MOVE = YES;
				CLANG_WARN_UNGUARDED_AVAILABILITY = YES_AGGRESSIVE;
				CLANG_WARN_UNREACHABLE_CODE = YES;
				CLANG_WARN__DUPLICATE_METHOD_MATCH = YES;
				CODE_SIGN_IDENTITY = "iPhone Developer";
				COPY_PHASE_STRIP = NO;
				DEBUG_INFORMATION_FORMAT = "dwarf-with-dsym";
				ENABLE_NS_ASSERTIONS = NO;
				ENABLE_STRICT_OBJC_MSGSEND = YES;
				GCC_C_LANGUAGE_STANDARD = gnu11;
				GCC_NO_COMMON_BLOCKS = YES;
				GCC_WARN_64_TO_32_BIT_CONVERSION = YES;
				GCC_WARN_ABOUT_RETURN_TYPE = YES_ERROR;
				GCC_WARN_UNDECLARED_SELECTOR = YES;
				GCC_WARN_UNINITIALIZED_AUTOS = YES_AGGRESSIVE;
				GCC_WARN_UNUSED_FUNCTION = YES;
				GCC_WARN_UNUSED_VARIABLE = YES;
				IPHONEOS_DEPLOYMENT_TARGET = 12.1;
				MTL_ENABLE_DEBUG_INFO = NO;
				MTL_FAST_MATH = YES;
				SDKROOT = iphoneos;
				SWIFT_COMPILATION_MODE = wholemodule;
				SWIFT_OPTIMIZATION_LEVEL = "-O";
				VALIDATE_PRODUCT = YES;
			};
			name = Release;
		};
		B5AC24C1221E28E300DE3DD2 /* Debug */ = {
			isa = XCBuildConfiguration;
			buildSettings = {
				ASSETCATALOG_COMPILER_APPICON_NAME = AppIcon;
				CODE_SIGN_STYLE = Automatic;
				DEVELOPMENT_TEAM = 5666V9N38M;
				INFOPLIST_FILE = "baseball- tracker/Info.plist";
				LD_RUNPATH_SEARCH_PATHS = (
					"$(inherited)",
					"@executable_path/Frameworks",
				);
				PRODUCT_BUNDLE_IDENTIFIER = "com.benyoung.baseball--tracker";
				PRODUCT_NAME = "$(TARGET_NAME)";
				SWIFT_VERSION = 4.2;
				TARGETED_DEVICE_FAMILY = "1,2";
			};
			name = Debug;
		};
		B5AC24C2221E28E300DE3DD2 /* Release */ = {
			isa = XCBuildConfiguration;
			buildSettings = {
				ASSETCATALOG_COMPILER_APPICON_NAME = AppIcon;
				CODE_SIGN_STYLE = Automatic;
				DEVELOPMENT_TEAM = 5666V9N38M;
				INFOPLIST_FILE = "baseball- tracker/Info.plist";
				LD_RUNPATH_SEARCH_PATHS = (
					"$(inherited)",
					"@executable_path/Frameworks",
				);
				PRODUCT_BUNDLE_IDENTIFIER = "com.benyoung.baseball--tracker";
				PRODUCT_NAME = "$(TARGET_NAME)";
				SWIFT_VERSION = 4.2;
				TARGETED_DEVICE_FAMILY = "1,2";
			};
			name = Release;
		};
		B5AC24C4221E28E300DE3DD2 /* Debug */ = {
			isa = XCBuildConfiguration;
			buildSettings = {
				ALWAYS_EMBED_SWIFT_STANDARD_LIBRARIES = YES;
				BUNDLE_LOADER = "$(TEST_HOST)";
				CODE_SIGN_STYLE = Automatic;
				DEVELOPMENT_TEAM = 5666V9N38M;
				INFOPLIST_FILE = "baseball- trackerTests/Info.plist";
				LD_RUNPATH_SEARCH_PATHS = (
					"$(inherited)",
					"@executable_path/Frameworks",
					"@loader_path/Frameworks",
				);
				PRODUCT_BUNDLE_IDENTIFIER = "com.benyoung.baseball--trackerTests";
				PRODUCT_NAME = "$(TARGET_NAME)";
				SWIFT_VERSION = 4.2;
				TARGETED_DEVICE_FAMILY = "1,2";
				TEST_HOST = "$(BUILT_PRODUCTS_DIR)/baseball- tracker.app/baseball- tracker";
			};
			name = Debug;
		};
		B5AC24C5221E28E300DE3DD2 /* Release */ = {
			isa = XCBuildConfiguration;
			buildSettings = {
				ALWAYS_EMBED_SWIFT_STANDARD_LIBRARIES = YES;
				BUNDLE_LOADER = "$(TEST_HOST)";
				CODE_SIGN_STYLE = Automatic;
				DEVELOPMENT_TEAM = 5666V9N38M;
				INFOPLIST_FILE = "baseball- trackerTests/Info.plist";
				LD_RUNPATH_SEARCH_PATHS = (
					"$(inherited)",
					"@executable_path/Frameworks",
					"@loader_path/Frameworks",
				);
				PRODUCT_BUNDLE_IDENTIFIER = "com.benyoung.baseball--trackerTests";
				PRODUCT_NAME = "$(TARGET_NAME)";
				SWIFT_VERSION = 4.2;
				TARGETED_DEVICE_FAMILY = "1,2";
				TEST_HOST = "$(BUILT_PRODUCTS_DIR)/baseball- tracker.app/baseball- tracker";
			};
			name = Release;
		};
		B5AC24C7221E28E300DE3DD2 /* Debug */ = {
			isa = XCBuildConfiguration;
			buildSettings = {
				ALWAYS_EMBED_SWIFT_STANDARD_LIBRARIES = YES;
				CODE_SIGN_STYLE = Automatic;
				DEVELOPMENT_TEAM = 5666V9N38M;
				INFOPLIST_FILE = "baseball- trackerUITests/Info.plist";
				LD_RUNPATH_SEARCH_PATHS = (
					"$(inherited)",
					"@executable_path/Frameworks",
					"@loader_path/Frameworks",
				);
				PRODUCT_BUNDLE_IDENTIFIER = "com.benyoung.baseball--trackerUITests";
				PRODUCT_NAME = "$(TARGET_NAME)";
				SWIFT_VERSION = 4.2;
				TARGETED_DEVICE_FAMILY = "1,2";
				TEST_TARGET_NAME = "baseball- tracker";
			};
			name = Debug;
		};
		B5AC24C8221E28E300DE3DD2 /* Release */ = {
			isa = XCBuildConfiguration;
			buildSettings = {
				ALWAYS_EMBED_SWIFT_STANDARD_LIBRARIES = YES;
				CODE_SIGN_STYLE = Automatic;
				DEVELOPMENT_TEAM = 5666V9N38M;
				INFOPLIST_FILE = "baseball- trackerUITests/Info.plist";
				LD_RUNPATH_SEARCH_PATHS = (
					"$(inherited)",
					"@executable_path/Frameworks",
					"@loader_path/Frameworks",
				);
				PRODUCT_BUNDLE_IDENTIFIER = "com.benyoung.baseball--trackerUITests";
				PRODUCT_NAME = "$(TARGET_NAME)";
				SWIFT_VERSION = 4.2;
				TARGETED_DEVICE_FAMILY = "1,2";
				TEST_TARGET_NAME = "baseball- tracker";
			};
			name = Release;
		};
/* End XCBuildConfiguration section */

/* Begin XCConfigurationList section */
		B5AC2490221E28E100DE3DD2 /* Build configuration list for PBXProject "baseball- tracker" */ = {
			isa = XCConfigurationList;
			buildConfigurations = (
				B5AC24BE221E28E300DE3DD2 /* Debug */,
				B5AC24BF221E28E300DE3DD2 /* Release */,
			);
			defaultConfigurationIsVisible = 0;
			defaultConfigurationName = Release;
		};
		B5AC24C0221E28E300DE3DD2 /* Build configuration list for PBXNativeTarget "baseball- tracker" */ = {
			isa = XCConfigurationList;
			buildConfigurations = (
				B5AC24C1221E28E300DE3DD2 /* Debug */,
				B5AC24C2221E28E300DE3DD2 /* Release */,
			);
			defaultConfigurationIsVisible = 0;
			defaultConfigurationName = Release;
		};
		B5AC24C3221E28E300DE3DD2 /* Build configuration list for PBXNativeTarget "baseball- trackerTests" */ = {
			isa = XCConfigurationList;
			buildConfigurations = (
				B5AC24C4221E28E300DE3DD2 /* Debug */,
				B5AC24C5221E28E300DE3DD2 /* Release */,
			);
			defaultConfigurationIsVisible = 0;
			defaultConfigurationName = Release;
		};
		B5AC24C6221E28E300DE3DD2 /* Build configuration list for PBXNativeTarget "baseball- trackerUITests" */ = {
			isa = XCConfigurationList;
			buildConfigurations = (
				B5AC24C7221E28E300DE3DD2 /* Debug */,
				B5AC24C8221E28E300DE3DD2 /* Release */,
			);
			defaultConfigurationIsVisible = 0;
			defaultConfigurationName = Release;
		};
/* End XCConfigurationList section */

/* Begin XCVersionGroup section */
		B5AC249F221E28E100DE3DD2 /* baseball__tracker.xcdatamodeld */ = {
			isa = XCVersionGroup;
			children = (
				B5AC24A0221E28E100DE3DD2 /* baseball__tracker.xcdatamodel */,
			);
			currentVersion = B5AC24A0221E28E100DE3DD2 /* baseball__tracker.xcdatamodel */;
			path = baseball__tracker.xcdatamodeld;
			sourceTree = "<group>";
			versionGroupType = wrapper.xcdatamodel;
		};
/* End XCVersionGroup section */
	};
	rootObject = B5AC248D221E28E100DE3DD2 /* Project object */;
}
